dependencies:
  idf:
    source:
      type: idf
    version: 5.4.1
  pink0d/btd_vhci:
    dependencies: []
    source:
      path: /home/arthur/Projects/DROID/TREKKING-2024-2025/components/pink0d__btd_vhci
      type: local
    version: 0.5.1
direct_dependencies:
- idf
- pink0d/btd_vhci
manifest_hash: 3ce5fab69d931f74af6d6acdbe5cb8971cde6a7d600f5f81aeb7cfcab744af91
target: esp32
version: 2.0.0
